
Microsoft Visual Studio Solution File, Format Version 12.00
# Visual Studio Version 16
VisualStudioVersion = 16.0.31025.194
MinimumVisualStudioVersion = 10.0.40219.1
Project("{FAE04EC0-301F-11D3-BF4B-00C04F79EFBC}") = "DotNetNote", "DotNetNote\DotNetNote.csproj", "{AB578587-6CC6-4D60-9BAC-496B239ECD3D}"
EndProject
Project("{00D1A9C2-B5F0-4AF3-8072-F6C62B433612}") = "DB", "DB\DB.sqlproj", "{761F1D27-5DE2-4AB6-AE12-7CC2B272A033}"
EndProject
Project("{FAE04EC0-301F-11D3-BF4B-00C04F79EFBC}") = "Helpers", "Helpers\Helpers.csproj", "{60DB2A7C-14F7-4790-A0D2-07650B336446}"
EndProject
Global
	GlobalSection(SolutionConfigurationPlatforms) = preSolution
		Debug|Any CPU = Debug|Any CPU
		Release|Any CPU = Release|Any CPU
	EndGlobalSection
	GlobalSection(ProjectConfigurationPlatforms) = postSolution
		{AB578587-6CC6-4D60-9BAC-496B239ECD3D}.Debug|Any CPU.ActiveCfg = Debug|Any CPU
		{AB578587-6CC6-4D60-9BAC-496B239ECD3D}.Debug|Any CPU.Build.0 = Debug|Any CPU
		{AB578587-6CC6-4D60-9BAC-496B239ECD3D}.Release|Any CPU.ActiveCfg = Release|Any CPU
		{AB578587-6CC6-4D60-9BAC-496B239ECD3D}.Release|Any CPU.Build.0 = Release|Any CPU
		{761F1D27-5DE2-4AB6-AE12-7CC2B272A033}.Debug|Any CPU.ActiveCfg = Debug|Any CPU
		{761F1D27-5DE2-4AB6-AE12-7CC2B272A033}.Debug|Any CPU.Build.0 = Debug|Any CPU
		{761F1D27-5DE2-4AB6-AE12-7CC2B272A033}.Debug|Any CPU.Deploy.0 = Debug|Any CPU
		{761F1D27-5DE2-4AB6-AE12-7CC2B272A033}.Release|Any CPU.ActiveCfg = Release|Any CPU
		{761F1D27-5DE2-4AB6-AE12-7CC2B272A033}.Release|Any CPU.Build.0 = Release|Any CPU
		{761F1D27-5DE2-4AB6-AE12-7CC2B272A033}.Release|Any CPU.Deploy.0 = Release|Any CPU
		{60DB2A7C-14F7-4790-A0D2-07650B336446}.Debug|Any CPU.ActiveCfg = Debug|Any CPU
		{60DB2A7C-14F7-4790-A0D2-07650B336446}.Debug|Any CPU.Build.0 = Debug|Any CPU
		{60DB2A7C-14F7-4790-A0D2-07650B336446}.Release|Any CPU.ActiveCfg = Release|Any CPU
		{60DB2A7C-14F7-4790-A0D2-07650B336446}.Release|Any CPU.Build.0 = Release|Any CPU
	EndGlobalSection
	GlobalSection(SolutionProperties) = preSolution
		HideSolutionNode = FALSE
	EndGlobalSection
	GlobalSection(ExtensibilityGlobals) = postSolution
		SolutionGuid = {3C5DF13A-806A-4EDB-AABB-A0F8D8D225CB}
	EndGlobalSection
EndGlobal
